Microsoft Visual Studio Solution File, Format Version 12.00
# Visual Studio Version 17
VisualStudioVersion = 17.5.2.0
MinimumVisualStudioVersion = 10.0.40219.1
Project("{FAE04EC0-301F-11D3-BF4B-00C04F79EFBC}") = "FGT", "FGT.csproj", "{D4DA36DB-9D26-B507-BF61-A3E1FE41E520}"
EndProject
Global
	GlobalSection(SolutionConfigurationPlatforms) = preSolution
		Debug|Any CPU = Debug|Any CPU
		Release|Any CPU = Release|Any CPU
	EndGlobalSection
	GlobalSection(ProjectConfigurationPlatforms) = postSolution
		{D4DA36DB-9D26-B507-BF61-A3E1FE41E520}.Debug|Any CPU.ActiveCfg = Debug|Any CPU
		{D4DA36DB-9D26-B507-BF61-A3E1FE41E520}.Debug|Any CPU.Build.0 = Debug|Any CPU
		{D4DA36DB-9D26-B507-BF61-A3E1FE41E520}.Release|Any CPU.ActiveCfg = Release|Any CPU
		{D4DA36DB-9D26-B507-BF61-A3E1FE41E520}.Release|Any CPU.Build.0 = Release|Any CPU
	EndGlobalSection
	GlobalSection(SolutionProperties) = preSolution
		HideSolutionNode = FALSE
	EndGlobalSection
	GlobalSection(ExtensibilityGlobals) = postSolution
		SolutionGuid = {1D869EE2-A334-4AF6-A4FE-E16C0A1FA31F}
	EndGlobalSection
EndGlobal
